
Microsoft Visual Studio Solution File, Format Version 11.00
# Visual Studio 2010
Project("{F184B08F-C81C-45F6-A57F-5ABD9991F28F}") = "importar de excel", "importar de excel\importar de excel.vbproj", "{DF83BD66-3D46-41AD-B45F-EC8E2788D744}"
EndProject
Global
	GlobalSection(SolutionConfigurationPlatforms) = preSolution
		Debug|x86 = Debug|x86
		Release|x86 = Release|x86
	EndGlobalSection
	GlobalSection(ProjectConfigurationPlatforms) = postSolution
		{DF83BD66-3D46-41AD-B45F-EC8E2788D744}.Debug|x86.ActiveCfg = Debug|x86
		{DF83BD66-3D46-41AD-B45F-EC8E2788D744}.Debug|x86.Build.0 = Debug|x86
		{DF83BD66-3D46-41AD-B45F-EC8E2788D744}.Release|x86.ActiveCfg = Release|x86
		{DF83BD66-3D46-41AD-B45F-EC8E2788D744}.Release|x86.Build.0 = Release|x86
	EndGlobalSection
	GlobalSection(SolutionProperties) = preSolution
		HideSolutionNode = FALSE
	EndGlobalSection
EndGlobal
